// !$*UTF8*$!
{
	archiveVersion = 1;
	classes = {
	};
	objectVersion = 48;
	objects = {

/* Begin PBXBuildFile section */
		0427F8551FDCF7DC007D8BF4 /* ViewController.swift in Sources */ = {isa = PBXBuildFile; fileRef = 04AE15701FD0F620001A251C /* ViewController.swift */; };
		0427F8621FDFA3B5007D8BF4 /* INTUSpringSolver.c in Sources */ = {isa = PBXBuildFile; fileRef = 0427F85A1FDFA3B5007D8BF4 /* INTUSpringSolver.c */; };
		0427F8631FDFA3B5007D8BF4 /* INTUInterpolationFunctions.m in Sources */ = {isa = PBXBuildFile; fileRef = 0427F85D1FDFA3B5007D8BF4 /* INTUInterpolationFunctions.m */; };
		0427F8641FDFA3B5007D8BF4 /* INTUAnimationEngine.m in Sources */ = {isa = PBXBuildFile; fileRef = 0427F85E1FDFA3B5007D8BF4 /* INTUAnimationEngine.m */; };
		0427F8651FDFA3B5007D8BF4 /* INTUEasingFunctions.m in Sources */ = {isa = PBXBuildFile; fileRef = 0427F8601FDFA3B5007D8BF4 /* INTUEasingFunctions.m */; };
		0427F8691FE212AD007D8BF4 /* DemoWebSocket.m in Sources */ = {isa = PBXBuildFile; fileRef = 0427F8681FE212AD007D8BF4 /* DemoWebSocket.m */; };
		0454D2511FE22CD20087D8BC /* WebSocket.swift in Sources */ = {isa = PBXBuildFile; fileRef = 0454D2501FE22CD20087D8BC /* WebSocket.swift */; };
		0454D2531FE4B84E0087D8BC /* Settings.bundle in Resources */ = {isa = PBXBuildFile; fileRef = 0454D2521FE4B84E0087D8BC /* Settings.bundle */; };
		04657EC31FD1215B003E47E5 /* Info.plist in Resources */ = {isa = PBXBuildFile; fileRef = 04AE157A1FD0F620001A251C /* Info.plist */; };
		04657EC71FD12489003E47E5 /* Eurostile.ttf in Resources */ = {isa = PBXBuildFile; fileRef = 04657EC61FD12489003E47E5 /* Eurostile.ttf */; };
		04AE156F1FD0F620001A251C /* AppDelegate.swift in Sources */ = {isa = PBXBuildFile; fileRef = 04AE156E1FD0F620001A251C /* AppDelegate.swift */; };
		04AE15741FD0F620001A251C /* Main.storyboard in Resources */ = {isa = PBXBuildFile; fileRef = 04AE15721FD0F620001A251C /* Main.storyboard */; };
		04AE15761FD0F620001A251C /* Assets.xcassets in Resources */ = {isa = PBXBuildFile; fileRef = 04AE15751FD0F620001A251C /* Assets.xcassets */; };
		04AE15791FD0F620001A251C /* LaunchScreen.storyboard in Resources */ = {isa = PBXBuildFile; fileRef = 04AE15771FD0F620001A251C /* LaunchScreen.storyboard */; };
		04AE15841FD0F620001A251C /* ClusterTests.swift in Sources */ = {isa = PBXBuildFile; fileRef = 04AE15831FD0F620001A251C /* ClusterTests.swift */; };
		04AE158F1FD0F620001A251C /* ClusterUITests.swift in Sources */ = {isa = PBXBuildFile; fileRef = 04AE158E1FD0F620001A251C /* ClusterUITests.swift */; };
		22796F28E4899ECEB47B1719 /* Pods_ClusterTests.framework in Frameworks */ = {isa = PBXBuildFile; fileRef = E62C42938F63436241F2B3A5 /* Pods_ClusterTests.framework */; };
		2CF957F81FD38A5A00FC085D /* Eurostile-Bold.ttf in Resources */ = {isa = PBXBuildFile; fileRef = 2CF957F71FD38A5A00FC085D /* Eurostile-Bold.ttf */; };
		4EEFDCB610DC87D6AA87925E /* Pods_Cluster.framework in Frameworks */ = {isa = PBXBuildFile; fileRef = 21B95C31A0D1E3415DAEA8E3 /* Pods_Cluster.framework */; };
		E5E7B6D89F7871A90D797EA0 /* Pods_ClusterUITests.framework in Frameworks */ = {isa = PBXBuildFile; fileRef = A5440FF2966294635EC58414 /* Pods_ClusterUITests.framework */; };
/* End PBXBuildFile section */

/* Begin PBXContainerItemProxy section */
		04AE15801FD0F620001A251C /* PBXContainerItemProxy */ = {
			isa = PBXContainerItemProxy;
			containerPortal = 04AE15631FD0F620001A251C /* Project object */;
			proxyType = 1;
			remoteGlobalIDString = 04AE156A1FD0F620001A251C;
			remoteInfo = Cluster;
		};
		04AE158B1FD0F620001A251C /* PBXContainerItemProxy */ = {
			isa = PBXContainerItemProxy;
			containerPortal = 04AE15631FD0F620001A251C /* Project object */;
			proxyType = 1;
			remoteGlobalIDString = 04AE156A1FD0F620001A251C;
			remoteInfo = Cluster;
		};
/* End PBXContainerItemProxy section */

/* Begin PBXFileReference section */
		0427F8581FDFA3B5007D8BF4 /* INTUSpringSolver.h */ = {isa = PBXFileReference; fileEncoding = 4; lastKnownFileType = sourcecode.c.h; path = INTUSpringSolver.h; sourceTree = "<group>"; };
		0427F8591FDFA3B5007D8BF4 /* INTUVector.h */ = {isa = PBXFileReference; fileEncoding = 4; lastKnownFileType = sourcecode.c.h; path = INTUVector.h; sourceTree = "<group>"; };
		0427F85A1FDFA3B5007D8BF4 /* INTUSpringSolver.c */ = {isa = PBXFileReference; fileEncoding = 4; lastKnownFileType = sourcecode.c.c; path = INTUSpringSolver.c; sourceTree = "<group>"; };
		0427F85B1FDFA3B5007D8BF4 /* INTUAnimationEngine.h */ = {isa = PBXFileReference; fileEncoding = 4; lastKnownFileType = sourcecode.c.h; path = INTUAnimationEngine.h; sourceTree = "<group>"; };
		0427F85C1FDFA3B5007D8BF4 /* INTUEasingFunctions.h */ = {isa = PBXFileReference; fileEncoding = 4; lastKnownFileType = sourcecode.c.h; path = INTUEasingFunctions.h; sourceTree = "<group>"; };
		0427F85D1FDFA3B5007D8BF4 /* INTUInterpolationFunctions.m */ = {isa = PBXFileReference; fileEncoding = 4; lastKnownFileType = sourcecode.c.objc; path = INTUInterpolationFunctions.m; sourceTree = "<group>"; };
		0427F85E1FDFA3B5007D8BF4 /* INTUAnimationEngine.m */ = {isa = PBXFileReference; fileEncoding = 4; lastKnownFileType = sourcecode.c.objc; path = INTUAnimationEngine.m; sourceTree = "<group>"; };
		0427F85F1FDFA3B5007D8BF4 /* INTUAnimationEngineDefines.h */ = {isa = PBXFileReference; fileEncoding = 4; lastKnownFileType = sourcecode.c.h; path = INTUAnimationEngineDefines.h; sourceTree = "<group>"; };
		0427F8601FDFA3B5007D8BF4 /* INTUEasingFunctions.m */ = {isa = PBXFileReference; fileEncoding = 4; lastKnownFileType = sourcecode.c.objc; path = INTUEasingFunctions.m; sourceTree = "<group>"; };
		0427F8611FDFA3B5007D8BF4 /* INTUInterpolationFunctions.h */ = {isa = PBXFileReference; fileEncoding = 4; lastKnownFileType = sourcecode.c.h; path = INTUInterpolationFunctions.h; sourceTree = "<group>"; };
		0427F8661FDFA3F3007D8BF4 /* Cluster-Bridging-Header.h */ = {isa = PBXFileReference; fileEncoding = 4; lastKnownFileType = sourcecode.c.h; path = "Cluster-Bridging-Header.h"; sourceTree = "<group>"; };
		0427F8671FE212AD007D8BF4 /* DemoWebSocket.h */ = {isa = PBXFileReference; lastKnownFileType = sourcecode.c.h; path = DemoWebSocket.h; sourceTree = "<group>"; };
		0427F8681FE212AD007D8BF4 /* DemoWebSocket.m */ = {isa = PBXFileReference; lastKnownFileType = sourcecode.c.objc; path = DemoWebSocket.m; sourceTree = "<group>"; };
		0454D2501FE22CD20087D8BC /* WebSocket.swift */ = {isa = PBXFileReference; lastKnownFileType = sourcecode.swift; path = WebSocket.swift; sourceTree = "<group>"; };
		0454D2521FE4B84E0087D8BC /* Settings.bundle */ = {isa = PBXFileReference; lastKnownFileType = "wrapper.plug-in"; path = Settings.bundle; sourceTree = "<group>"; };
		04657EC61FD12489003E47E5 /* Eurostile.ttf */ = {isa = PBXFileReference; lastKnownFileType = file; path = Eurostile.ttf; sourceTree = "<group>"; };
		04AE156B1FD0F620001A251C /* Cluster.app */ = {isa = PBXFileReference; explicitFileType = wrapper.application; includeInIndex = 0; path = Cluster.app; sourceTree = BUILT_PRODUCTS_DIR; };
		04AE156E1FD0F620001A251C /* AppDelegate.swift */ = {isa = PBXFileReference; lastKnownFileType = sourcecode.swift; path = AppDelegate.swift; sourceTree = "<group>"; };
		04AE15701FD0F620001A251C /* ViewController.swift */ = {isa = PBXFileReference; lastKnownFileType = sourcecode.swift; path = ViewController.swift; sourceTree = "<group>"; };
		04AE15731FD0F620001A251C /* Base */ = {isa = PBXFileReference; lastKnownFileType = file.storyboard; name = Base; path = Base.lproj/Main.storyboard; sourceTree = "<group>"; };
		04AE15751FD0F620001A251C /* Assets.xcassets */ = {isa = PBXFileReference; lastKnownFileType = folder.assetcatalog; path = Assets.xcassets; sourceTree = "<group>"; };
		04AE15781FD0F620001A251C /* Base */ = {isa = PBXFileReference; lastKnownFileType = file.storyboard; name = Base; path = Base.lproj/LaunchScreen.storyboard; sourceTree = "<group>"; };
		04AE157A1FD0F620001A251C /* Info.plist */ = {isa = PBXFileReference; lastKnownFileType = text.plist.xml; path = Info.plist; sourceTree = "<group>"; };
		04AE157F1FD0F620001A251C /* ClusterTests.xctest */ = {isa = PBXFileReference; explicitFileType = wrapper.cfbundle; includeInIndex = 0; path = ClusterTests.xctest; sourceTree = BUILT_PRODUCTS_DIR; };
		04AE15831FD0F620001A251C /* ClusterTests.swift */ = {isa = PBXFileReference; lastKnownFileType = sourcecode.swift; path = ClusterTests.swift; sourceTree = "<group>"; };
		04AE15851FD0F620001A251C /* Info.plist */ = {isa = PBXFileReference; lastKnownFileType = text.plist.xml; path = Info.plist; sourceTree = "<group>"; };
		04AE158A1FD0F620001A251C /* ClusterUITests.xctest */ = {isa = PBXFileReference; explicitFileType = wrapper.cfbundle; includeInIndex = 0; path = ClusterUITests.xctest; sourceTree = BUILT_PRODUCTS_DIR; };
		04AE158E1FD0F620001A251C /* ClusterUITests.swift */ = {isa = PBXFileReference; lastKnownFileType = sourcecode.swift; path = ClusterUITests.swift; sourceTree = "<group>"; };
		04AE15901FD0F620001A251C /* Info.plist */ = {isa = PBXFileReference; lastKnownFileType = text.plist.xml; path = Info.plist; sourceTree = "<group>"; };
		07CC27B41E0090029E0DBFD9 /* Pods-Cluster.release.xcconfig */ = {isa = PBXFileReference; includeInIndex = 1; lastKnownFileType = text.xcconfig; name = "Pods-Cluster.release.xcconfig"; path = "Pods/Target Support Files/Pods-Cluster/Pods-Cluster.release.xcconfig"; sourceTree = "<group>"; };
		21B95C31A0D1E3415DAEA8E3 /* Pods_Cluster.framework */ = {isa = PBXFileReference; explicitFileType = wrapper.framework; includeInIndex = 0; path = Pods_Cluster.framework; sourceTree = BUILT_PRODUCTS_DIR; };
		25C75D9663D1425C3EC14CB1 /* Pods-ClusterTests.release.xcconfig */ = {isa = PBXFileReference; includeInIndex = 1; lastKnownFileType = text.xcconfig; name = "Pods-ClusterTests.release.xcconfig"; path = "Pods/Target Support Files/Pods-ClusterTests/Pods-ClusterTests.release.xcconfig"; sourceTree = "<group>"; };
		2B35841C5B46174B8388D2D1 /* Pods-ClusterUITests.release.xcconfig */ = {isa = PBXFileReference; includeInIndex = 1; lastKnownFileType = text.xcconfig; name = "Pods-ClusterUITests.release.xcconfig"; path = "Pods/Target Support Files/Pods-ClusterUITests/Pods-ClusterUITests.release.xcconfig"; sourceTree = "<group>"; };
		2CF957F71FD38A5A00FC085D /* Eurostile-Bold.ttf */ = {isa = PBXFileReference; lastKnownFileType = file; path = "Eurostile-Bold.ttf"; sourceTree = "<group>"; };
		4673A5236B3658B532A01097 /* Pods-ClusterTests.debug.xcconfig */ = {isa = PBXFileReference; includeInIndex = 1; lastKnownFileType = text.xcconfig; name = "Pods-ClusterTests.debug.xcconfig"; path = "Pods/Target Support Files/Pods-ClusterTests/Pods-ClusterTests.debug.xcconfig"; sourceTree = "<group>"; };
		5924F41E2F9ACD621A964A16 /* Pods-Cluster.debug.xcconfig */ = {isa = PBXFileReference; includeInIndex = 1; lastKnownFileType = text.xcconfig; name = "Pods-Cluster.debug.xcconfig"; path = "Pods/Target Support Files/Pods-Cluster/Pods-Cluster.debug.xcconfig"; sourceTree = "<group>"; };
		895FF603CEDA02EBB437C3C5 /* Pods-ClusterUITests.debug.xcconfig */ = {isa = PBXFileReference; includeInIndex = 1; lastKnownFileType = text.xcconfig; name = "Pods-ClusterUITests.debug.xcconfig"; path = "Pods/Target Support Files/Pods-ClusterUITests/Pods-ClusterUITests.debug.xcconfig"; sourceTree = "<group>"; };
		A5440FF2966294635EC58414 /* Pods_ClusterUITests.framework */ = {isa = PBXFileReference; explicitFileType = wrapper.framework; includeInIndex = 0; path = Pods_ClusterUITests.framework; sourceTree = BUILT_PRODUCTS_DIR; };
		E62C42938F63436241F2B3A5 /* Pods_ClusterTests.framework */ = {isa = PBXFileReference; explicitFileType = wrapper.framework; includeInIndex = 0; path = Pods_ClusterTests.framework; sourceTree = BUILT_PRODUCTS_DIR; };
/* End PBXFileReference section */

/* Begin PBXFrameworksBuildPhase section */
		04AE15681FD0F620001A251C /* Frameworks */ = {
			isa = PBXFrameworksBuildPhase;
			buildActionMask = 2147483647;
			files = (
				4EEFDCB610DC87D6AA87925E /* Pods_Cluster.framework in Frameworks */,
			);
			runOnlyForDeploymentPostprocessing = 0;
		};
		04AE157C1FD0F620001A251C /* Frameworks */ = {
			isa = PBXFrameworksBuildPhase;
			buildActionMask = 2147483647;
			files = (
				22796F28E4899ECEB47B1719 /* Pods_ClusterTests.framework in Frameworks */,
			);
			runOnlyForDeploymentPostprocessing = 0;
		};
		04AE15871FD0F620001A251C /* Frameworks */ = {
			isa = PBXFrameworksBuildPhase;
			buildActionMask = 2147483647;
			files = (
				E5E7B6D89F7871A90D797EA0 /* Pods_ClusterUITests.framework in Frameworks */,
			);
			runOnlyForDeploymentPostprocessing = 0;
		};
/* End PBXFrameworksBuildPhase section */

/* Begin PBXGroup section */
		0427F8561FDFA3B5007D8BF4 /* INTUAnimationEngine */ = {
			isa = PBXGroup;
			children = (
				0427F8571FDFA3B5007D8BF4 /* SpringSolver */,
				0427F85B1FDFA3B5007D8BF4 /* INTUAnimationEngine.h */,
				0427F85C1FDFA3B5007D8BF4 /* INTUEasingFunctions.h */,
				0427F85D1FDFA3B5007D8BF4 /* INTUInterpolationFunctions.m */,
				0427F85E1FDFA3B5007D8BF4 /* INTUAnimationEngine.m */,
				0427F85F1FDFA3B5007D8BF4 /* INTUAnimationEngineDefines.h */,
				0427F8601FDFA3B5007D8BF4 /* INTUEasingFunctions.m */,
				0427F8611FDFA3B5007D8BF4 /* INTUInterpolationFunctions.h */,
			);
			path = INTUAnimationEngine;
			sourceTree = "<group>";
		};
		0427F8571FDFA3B5007D8BF4 /* SpringSolver */ = {
			isa = PBXGroup;
			children = (
				0427F8581FDFA3B5007D8BF4 /* INTUSpringSolver.h */,
				0427F8591FDFA3B5007D8BF4 /* INTUVector.h */,
				0427F85A1FDFA3B5007D8BF4 /* INTUSpringSolver.c */,
			);
			path = SpringSolver;
			sourceTree = "<group>";
		};
		0454D24C1FE22C050087D8BC /* DemoWebSocket */ = {
			isa = PBXGroup;
			children = (
				0427F8671FE212AD007D8BF4 /* DemoWebSocket.h */,
				0427F8681FE212AD007D8BF4 /* DemoWebSocket.m */,
			);
			path = DemoWebSocket;
			sourceTree = "<group>";
		};
		0454D24D1FE22C1B0087D8BC /* Controller */ = {
			isa = PBXGroup;
			children = (
				04AE15701FD0F620001A251C /* ViewController.swift */,
			);
			path = Controller;
			sourceTree = "<group>";
		};
		0454D24E1FE22C910087D8BC /* Comm */ = {
			isa = PBXGroup;
			children = (
				0454D24F1FE22CAA0087D8BC /* SocketDelegate */,
				0454D24C1FE22C050087D8BC /* DemoWebSocket */,
			);
			path = Comm;
			sourceTree = "<group>";
		};
		0454D24F1FE22CAA0087D8BC /* SocketDelegate */ = {
			isa = PBXGroup;
			children = (
				0454D2501FE22CD20087D8BC /* WebSocket.swift */,
			);
			path = SocketDelegate;
			sourceTree = "<group>";
		};
		04657EC81FD78063003E47E5 /* External */ = {
			isa = PBXGroup;
			children = (
				0427F8561FDFA3B5007D8BF4 /* INTUAnimationEngine */,
			);
			path = External;
			sourceTree = "<group>";
		};
		04AE15621FD0F620001A251C = {
			isa = PBXGroup;
			children = (
				04AE156D1FD0F620001A251C /* Cluster */,
				04AE15821FD0F620001A251C /* ClusterTests */,
				04AE158D1FD0F620001A251C /* ClusterUITests */,
				04AE156C1FD0F620001A251C /* Products */,
				95730889A8F1CF8A31477127 /* Pods */,
				1DFE3E7C7442EB1A9E2F0359 /* Frameworks */,
			);
			sourceTree = "<group>";
		};
		04AE156C1FD0F620001A251C /* Products */ = {
			isa = PBXGroup;
			children = (
				04AE156B1FD0F620001A251C /* Cluster.app */,
				04AE157F1FD0F620001A251C /* ClusterTests.xctest */,
				04AE158A1FD0F620001A251C /* ClusterUITests.xctest */,
			);
			name = Products;
			sourceTree = "<group>";
		};
		04AE156D1FD0F620001A251C /* Cluster */ = {
			isa = PBXGroup;
			children = (
				0454D24D1FE22C1B0087D8BC /* Controller */,
				0454D24E1FE22C910087D8BC /* Comm */,
				04657EC81FD78063003E47E5 /* External */,
				04AE156E1FD0F620001A251C /* AppDelegate.swift */,
				04AE15721FD0F620001A251C /* Main.storyboard */,
				0427F8661FDFA3F3007D8BF4 /* Cluster-Bridging-Header.h */,
				04AE159C1FD11271001A251C /* Resources */,
				04AE15751FD0F620001A251C /* Assets.xcassets */,
				04AE15771FD0F620001A251C /* LaunchScreen.storyboard */,
				04AE157A1FD0F620001A251C /* Info.plist */,
				0454D2521FE4B84E0087D8BC /* Settings.bundle */,
			);
			path = Cluster;
			sourceTree = "<group>";
		};
		04AE15821FD0F620001A251C /* ClusterTests */ = {
			isa = PBXGroup;
			children = (
				04AE15831FD0F620001A251C /* ClusterTests.swift */,
				04AE15851FD0F620001A251C /* Info.plist */,
			);
			path = ClusterTests;
			sourceTree = "<group>";
		};
		04AE158D1FD0F620001A251C /* ClusterUITests */ = {
			isa = PBXGroup;
			children = (
				04AE158E1FD0F620001A251C /* ClusterUITests.swift */,
				04AE15901FD0F620001A251C /* Info.plist */,
			);
			path = ClusterUITests;
			sourceTree = "<group>";
		};
		04AE159C1FD11271001A251C /* Resources */ = {
			isa = PBXGroup;
			children = (
				04AE159D1FD11271001A251C /* Fonts */,
			);
			path = Resources;
			sourceTree = "<group>";
		};
		04AE159D1FD11271001A251C /* Fonts */ = {
			isa = PBXGroup;
			children = (
				2CF957F71FD38A5A00FC085D /* Eurostile-Bold.ttf */,
				04657EC61FD12489003E47E5 /* Eurostile.ttf */,
			);
			path = Fonts;
			sourceTree = "<group>";
		};
		1DFE3E7C7442EB1A9E2F0359 /* Frameworks */ = {
			isa = PBXGroup;
			children = (
				21B95C31A0D1E3415DAEA8E3 /* Pods_Cluster.framework */,
				E62C42938F63436241F2B3A5 /* Pods_ClusterTests.framework */,
				A5440FF2966294635EC58414 /* Pods_ClusterUITests.framework */,
			);
			name = Frameworks;
			sourceTree = "<group>";
		};
		95730889A8F1CF8A31477127 /* Pods */ = {
			isa = PBXGroup;
			children = (
				5924F41E2F9ACD621A964A16 /* Pods-Cluster.debug.xcconfig */,
				07CC27B41E0090029E0DBFD9 /* Pods-Cluster.release.xcconfig */,
				4673A5236B3658B532A01097 /* Pods-ClusterTests.debug.xcconfig */,
				25C75D9663D1425C3EC14CB1 /* Pods-ClusterTests.release.xcconfig */,
				895FF603CEDA02EBB437C3C5 /* Pods-ClusterUITests.debug.xcconfig */,
				2B35841C5B46174B8388D2D1 /* Pods-ClusterUITests.release.xcconfig */,
			);
			name = Pods;
			sourceTree = "<group>";
		};
/* End PBXGroup section */

/* Begin PBXNativeTarget section */
		04AE156A1FD0F620001A251C /* Cluster */ = {
			isa = PBXNativeTarget;
			buildConfigurationList = 04AE15931FD0F620001A251C /* Build configuration list for PBXNativeTarget "Cluster" */;
			buildPhases = (
				30A84E08ADC7CF92B46617EA /* [CP] Check Pods Manifest.lock */,
				04AE15671FD0F620001A251C /* Sources */,
				04AE15681FD0F620001A251C /* Frameworks */,
				04AE15691FD0F620001A251C /* Resources */,
				473989C3EC62EE26DD6C5DB7 /* [CP] Embed Pods Frameworks */,
				41CF5AA19D26F79F5F2DF9C9 /* [CP] Copy Pods Resources */,
			);
			buildRules = (
			);
			dependencies = (
			);
			name = Cluster;
			productName = Cluster;
			productReference = 04AE156B1FD0F620001A251C /* Cluster.app */;
			productType = "com.apple.product-type.application";
		};
		04AE157E1FD0F620001A251C /* ClusterTests */ = {
			isa = PBXNativeTarget;
			buildConfigurationList = 04AE15961FD0F620001A251C /* Build configuration list for PBXNativeTarget "ClusterTests" */;
			buildPhases = (
				CE80EA866BC241407A12AF3A /* [CP] Check Pods Manifest.lock */,
				04AE157B1FD0F620001A251C /* Sources */,
				04AE157C1FD0F620001A251C /* Frameworks */,
				04AE157D1FD0F620001A251C /* Resources */,
				C38EFFF69E6659270CCC1AF4 /* [CP] Embed Pods Frameworks */,
				D97DACA71EF8FD53DF8AAF61 /* [CP] Copy Pods Resources */,
			);
			buildRules = (
			);
			dependencies = (
				04AE15811FD0F620001A251C /* PBXTargetDependency */,
			);
			name = ClusterTests;
			productName = ClusterTests;
			productReference = 04AE157F1FD0F620001A251C /* ClusterTests.xctest */;
			productType = "com.apple.product-type.bundle.unit-test";
		};
		04AE15891FD0F620001A251C /* ClusterUITests */ = {
			isa = PBXNativeTarget;
			buildConfigurationList = 04AE15991FD0F620001A251C /* Build configuration list for PBXNativeTarget "ClusterUITests" */;
			buildPhases = (
				11772264C2DC0E7AB7EC8508 /* [CP] Check Pods Manifest.lock */,
				04AE15861FD0F620001A251C /* Sources */,
				04AE15871FD0F620001A251C /* Frameworks */,
				04AE15881FD0F620001A251C /* Resources */,
				ABB4BB3EBC144D799EFDE9BE /* [CP] Embed Pods Frameworks */,
				F0B151417E0FF01A7929B65B /* [CP] Copy Pods Resources */,
			);
			buildRules = (
			);
			dependencies = (
				04AE158C1FD0F620001A251C /* PBXTargetDependency */,
			);
			name = ClusterUITests;
			productName = ClusterUITests;
			productReference = 04AE158A1FD0F620001A251C /* ClusterUITests.xctest */;
			productType = "com.apple.product-type.bundle.ui-testing";
		};
/* End PBXNativeTarget section */

/* Begin PBXProject section */
		04AE15631FD0F620001A251C /* Project object */ = {
			isa = PBXProject;
			attributes = {
				LastSwiftUpdateCheck = 0910;
				LastUpgradeCheck = 0910;
				ORGANIZATIONNAME = Xevo;
				TargetAttributes = {
					04AE156A1FD0F620001A251C = {
						CreatedOnToolsVersion = 9.1;
						ProvisioningStyle = Manual;
					};
					04AE157E1FD0F620001A251C = {
						CreatedOnToolsVersion = 9.1;
						ProvisioningStyle = Automatic;
						TestTargetID = 04AE156A1FD0F620001A251C;
					};
					04AE15891FD0F620001A251C = {
						CreatedOnToolsVersion = 9.1;
						ProvisioningStyle = Automatic;
						TestTargetID = 04AE156A1FD0F620001A251C;
					};
				};
			};
			buildConfigurationList = 04AE15661FD0F620001A251C /* Build configuration list for PBXProject "Cluster" */;
			compatibilityVersion = "Xcode 8.0";
			developmentRegion = en;
			hasScannedForEncodings = 0;
			knownRegions = (
				en,
				Base,
			);
			mainGroup = 04AE15621FD0F620001A251C;
			productRefGroup = 04AE156C1FD0F620001A251C /* Products */;
			projectDirPath = "";
			projectRoot = "";
			targets = (
				04AE156A1FD0F620001A251C /* Cluster */,
				04AE157E1FD0F620001A251C /* ClusterTests */,
				04AE15891FD0F620001A251C /* ClusterUITests */,
			);
		};
/* End PBXProject section */

/* Begin PBXResourcesBuildPhase section */
		04AE15691FD0F620001A251C /* Resources */ = {
			isa = PBXResourcesBuildPhase;
			buildActionMask = 2147483647;
			files = (
				2CF957F81FD38A5A00FC085D /* Eurostile-Bold.ttf in Resources */,
				04657EC71FD12489003E47E5 /* Eurostile.ttf in Resources */,
				04AE15791FD0F620001A251C /* LaunchScreen.storyboard in Resources */,
				04AE15761FD0F620001A251C /* Assets.xcassets in Resources */,
				04657EC31FD1215B003E47E5 /* Info.plist in Resources */,
				04AE15741FD0F620001A251C /* Main.storyboard in Resources */,
				0454D2531FE4B84E0087D8BC /* Settings.bundle in Resources */,
			);
			runOnlyForDeploymentPostprocessing = 0;
		};
		04AE157D1FD0F620001A251C /* Resources */ = {
			isa = PBXResourcesBuildPhase;
			buildActionMask = 2147483647;
			files = (
			);
			runOnlyForDeploymentPostprocessing = 0;
		};
		04AE15881FD0F620001A251C /* Resources */ = {
			isa = PBXResourcesBuildPhase;
			buildActionMask = 2147483647;
			files = (
			);
			runOnlyForDeploymentPostprocessing = 0;
		};
/* End PBXResourcesBuildPhase section */

/* Begin PBXShellScriptBuildPhase section */
		11772264C2DC0E7AB7EC8508 /* [CP] Check Pods Manifest.lock */ = {
			isa = PBXShellScriptBuildPhase;
			buildActionMask = 2147483647;
			files = (
			);
			inputPaths = (
				"${PODS_PODFILE_DIR_PATH}/Podfile.lock",
				"${PODS_ROOT}/Manifest.lock",
			);
			name = "[CP] Check Pods Manifest.lock";
			outputPaths = (
				"$(DERIVED_FILE_DIR)/Pods-ClusterUITests-checkManifestLockResult.txt",
			);
			runOnlyForDeploymentPostprocessing = 0;
			shellPath = /bin/sh;
			shellScript = "diff \"${PODS_PODFILE_DIR_PATH}/Podfile.lock\" \"${PODS_ROOT}/Manifest.lock\" > /dev/null\nif [ $? != 0 ] ; then\n    # print error to STDERR\n    echo \"error: The sandbox is not in sync with the Podfile.lock. Run 'pod install' or update your CocoaPods installation.\" >&2\n    exit 1\nfi\n# This output is used by Xcode 'outputs' to avoid re-running this script phase.\necho \"SUCCESS\" > \"${SCRIPT_OUTPUT_FILE_0}\"\n";
			showEnvVarsInLog = 0;
		};
		30A84E08ADC7CF92B46617EA /* [CP] Check Pods Manifest.lock */ = {
			isa = PBXShellScriptBuildPhase;
			buildActionMask = 2147483647;
			files = (
			);
			inputPaths = (
				"${PODS_PODFILE_DIR_PATH}/Podfile.lock",
				"${PODS_ROOT}/Manifest.lock",
			);
			name = "[CP] Check Pods Manifest.lock";
			outputPaths = (
				"$(DERIVED_FILE_DIR)/Pods-Cluster-checkManifestLockResult.txt",
			);
			runOnlyForDeploymentPostprocessing = 0;
			shellPath = /bin/sh;
			shellScript = "diff \"${PODS_PODFILE_DIR_PATH}/Podfile.lock\" \"${PODS_ROOT}/Manifest.lock\" > /dev/null\nif [ $? != 0 ] ; then\n    # print error to STDERR\n    echo \"error: The sandbox is not in sync with the Podfile.lock. Run 'pod install' or update your CocoaPods installation.\" >&2\n    exit 1\nfi\n# This output is used by Xcode 'outputs' to avoid re-running this script phase.\necho \"SUCCESS\" > \"${SCRIPT_OUTPUT_FILE_0}\"\n";
			showEnvVarsInLog = 0;
		};
		41CF5AA19D26F79F5F2DF9C9 /* [CP] Copy Pods Resources */ = {
			isa = PBXShellScriptBuildPhase;
			buildActionMask = 2147483647;
			files = (
			);
			inputPaths = (
			);
			name = "[CP] Copy Pods Resources";
			outputPaths = (
			);
			runOnlyForDeploymentPostprocessing = 0;
			shellPath = /bin/sh;
			shellScript = "\"${SRCROOT}/Pods/Target Support Files/Pods-Cluster/Pods-Cluster-resources.sh\"\n";
			showEnvVarsInLog = 0;
		};
		473989C3EC62EE26DD6C5DB7 /* [CP] Embed Pods Frameworks */ = {
			isa = PBXShellScriptBuildPhase;
			buildActionMask = 2147483647;
			files = (
			);
			inputPaths = (
				"${SRCROOT}/Pods/Target Support Files/Pods-Cluster/Pods-Cluster-frameworks.sh",
				"${BUILT_PRODUCTS_DIR}/SocketRocket/SocketRocket.framework",
			);
			name = "[CP] Embed Pods Frameworks";
			outputPaths = (
				"${TARGET_BUILD_DIR}/${FRAMEWORKS_FOLDER_PATH}/SocketRocket.framework",
			);
			runOnlyForDeploymentPostprocessing = 0;
			shellPath = /bin/sh;
			shellScript = "\"${SRCROOT}/Pods/Target Support Files/Pods-Cluster/Pods-Cluster-frameworks.sh\"\n";
			showEnvVarsInLog = 0;
		};
		ABB4BB3EBC144D799EFDE9BE /* [CP] Embed Pods Frameworks */ = {
			isa = PBXShellScriptBuildPhase;
			buildActionMask = 2147483647;
			files = (
			);
			inputPaths = (
			);
			name = "[CP] Embed Pods Frameworks";
			outputPaths = (
			);
			runOnlyForDeploymentPostprocessing = 0;
			shellPath = /bin/sh;
			shellScript = "\"${SRCROOT}/Pods/Target Support Files/Pods-ClusterUITests/Pods-ClusterUITests-frameworks.sh\"\n";
			showEnvVarsInLog = 0;
		};
		C38EFFF69E6659270CCC1AF4 /* [CP] Embed Pods Frameworks */ = {
			isa = PBXShellScriptBuildPhase;
			buildActionMask = 2147483647;
			files = (
			);
			inputPaths = (
			);
			name = "[CP] Embed Pods Frameworks";
			outputPaths = (
			);
			runOnlyForDeploymentPostprocessing = 0;
			shellPath = /bin/sh;
			shellScript = "\"${SRCROOT}/Pods/Target Support Files/Pods-ClusterTests/Pods-ClusterTests-frameworks.sh\"\n";
			showEnvVarsInLog = 0;
		};
		CE80EA866BC241407A12AF3A /* [CP] Check Pods Manifest.lock */ = {
			isa = PBXShellScriptBuildPhase;
			buildActionMask = 2147483647;
			files = (
			);
			inputPaths = (
				"${PODS_PODFILE_DIR_PATH}/Podfile.lock",
				"${PODS_ROOT}/Manifest.lock",
			);
			name = "[CP] Check Pods Manifest.lock";
			outputPaths = (
				"$(DERIVED_FILE_DIR)/Pods-ClusterTests-checkManifestLockResult.txt",
			);
			runOnlyForDeploymentPostprocessing = 0;
			shellPath = /bin/sh;
			shellScript = "diff \"${PODS_PODFILE_DIR_PATH}/Podfile.lock\" \"${PODS_ROOT}/Manifest.lock\" > /dev/null\nif [ $? != 0 ] ; then\n    # print error to STDERR\n    echo \"error: The sandbox is not in sync with the Podfile.lock. Run 'pod install' or update your CocoaPods installation.\" >&2\n    exit 1\nfi\n# This output is used by Xcode 'outputs' to avoid re-running this script phase.\necho \"SUCCESS\" > \"${SCRIPT_OUTPUT_FILE_0}\"\n";
			showEnvVarsInLog = 0;
		};
		D97DACA71EF8FD53DF8AAF61 /* [CP] Copy Pods Resources */ = {
			isa = PBXShellScriptBuildPhase;
			buildActionMask = 2147483647;
			files = (
			);
			inputPaths = (
			);
			name = "[CP] Copy Pods Resources";
			outputPaths = (
			);
			runOnlyForDeploymentPostprocessing = 0;
			shellPath = /bin/sh;
			shellScript = "\"${SRCROOT}/Pods/Target Support Files/Pods-ClusterTests/Pods-ClusterTests-resources.sh\"\n";
			showEnvVarsInLog = 0;
		};
		F0B151417E0FF01A7929B65B /* [CP] Copy Pods Resources */ = {
			isa = PBXShellScriptBuildPhase;
			buildActionMask = 2147483647;
			files = (
			);
			inputPaths = (
			);
			name = "[CP] Copy Pods Resources";
			outputPaths = (
			);
			runOnlyForDeploymentPostprocessing = 0;
			shellPath = /bin/sh;
			shellScript = "\"${SRCROOT}/Pods/Target Support Files/Pods-ClusterUITests/Pods-ClusterUITests-resources.sh\"\n";
			showEnvVarsInLog = 0;
		};
/* End PBXShellScriptBuildPhase section */

/* Begin PBXSourcesBuildPhase section */
		04AE15671FD0F620001A251C /* Sources */ = {
			isa = PBXSourcesBuildPhase;
			buildActionMask = 2147483647;
			files = (
				0427F8641FDFA3B5007D8BF4 /* INTUAnimationEngine.m in Sources */,
				0427F8551FDCF7DC007D8BF4 /* ViewController.swift in Sources */,
				0427F8621FDFA3B5007D8BF4 /* INTUSpringSolver.c in Sources */,
				04AE156F1FD0F620001A251C /* AppDelegate.swift in Sources */,
				0454D2511FE22CD20087D8BC /* WebSocket.swift in Sources */,
				0427F8631FDFA3B5007D8BF4 /* INTUInterpolationFunctions.m in Sources */,
				0427F8691FE212AD007D8BF4 /* DemoWebSocket.m in Sources */,
				0427F8651FDFA3B5007D8BF4 /* INTUEasingFunctions.m in Sources */,
			);
			runOnlyForDeploymentPostprocessing = 0;
		};
		04AE157B1FD0F620001A251C /* Sources */ = {
			isa = PBXSourcesBuildPhase;
			buildActionMask = 2147483647;
			files = (
				04AE15841FD0F620001A251C /* ClusterTests.swift in Sources */,
			);
			runOnlyForDeploymentPostprocessing = 0;
		};
		04AE15861FD0F620001A251C /* Sources */ = {
			isa = PBXSourcesBuildPhase;
			buildActionMask = 2147483647;
			files = (
				04AE158F1FD0F620001A251C /* ClusterUITests.swift in Sources */,
			);
			runOnlyForDeploymentPostprocessing = 0;
		};
/* End PBXSourcesBuildPhase section */

/* Begin PBXTargetDependency section */
		04AE15811FD0F620001A251C /* PBXTargetDependency */ = {
			isa = PBXTargetDependency;
			target = 04AE156A1FD0F620001A251C /* Cluster */;
			targetProxy = 04AE15801FD0F620001A251C /* PBXContainerItemProxy */;
		};
		04AE158C1FD0F620001A251C /* PBXTargetDependency */ = {
			isa = PBXTargetDependency;
			target = 04AE156A1FD0F620001A251C /* Cluster */;
			targetProxy = 04AE158B1FD0F620001A251C /* PBXContainerItemProxy */;
		};
/* End PBXTargetDependency section */

/* Begin PBXVariantGroup section */
		04AE15721FD0F620001A251C /* Main.storyboard */ = {
			isa = PBXVariantGroup;
			children = (
				04AE15731FD0F620001A251C /* Base */,
			);
			name = Main.storyboard;
			sourceTree = "<group>";
		};
		04AE15771FD0F620001A251C /* LaunchScreen.storyboard */ = {
			isa = PBXVariantGroup;
			children = (
				04AE15781FD0F620001A251C /* Base */,
			);
			name = LaunchScreen.storyboard;
			sourceTree = "<group>";
		};
/* End PBXVariantGroup section */

/* Begin XCBuildConfiguration section */
		04AE15911FD0F620001A251C /* Debug */ = {
			isa = XCBuildConfiguration;
			buildSettings = {
				ALWAYS_SEARCH_USER_PATHS = NO;
				CLANG_ANALYZER_NONNULL = YES;
				CLANG_ANALYZER_NUMBER_OBJECT_CONVERSION = YES_AGGRESSIVE;
				CLANG_CXX_LANGUAGE_STANDARD = "gnu++14";
				CLANG_CXX_LIBRARY = "libc++";
				CLANG_ENABLE_MODULES = YES;
				CLANG_ENABLE_OBJC_ARC = YES;
				CLANG_WARN_BLOCK_CAPTURE_AUTORELEASING = YES;
				CLANG_WARN_BOOL_CONVERSION = YES;
				CLANG_WARN_COMMA = YES;
				CLANG_WARN_CONSTANT_CONVERSION = YES;
				CLANG_WARN_DIRECT_OBJC_ISA_USAGE = YES_ERROR;
				CLANG_WARN_DOCUMENTATION_COMMENTS = YES;
				CLANG_WARN_EMPTY_BODY = YES;
				CLANG_WARN_ENUM_CONVERSION = YES;
				CLANG_WARN_INFINITE_RECURSION = YES;
				CLANG_WARN_INT_CONVERSION = YES;
				CLANG_WARN_NON_LITERAL_NULL_CONVERSION = YES;
				CLANG_WARN_OBJC_LITERAL_CONVERSION = YES;
				CLANG_WARN_OBJC_ROOT_CLASS = YES_ERROR;
				CLANG_WARN_RANGE_LOOP_ANALYSIS = YES;
				CLANG_WARN_STRICT_PROTOTYPES = YES;
				CLANG_WARN_SUSPICIOUS_MOVE = YES;
				CLANG_WARN_UNGUARDED_AVAILABILITY = YES_AGGRESSIVE;
				CLANG_WARN_UNREACHABLE_CODE = YES;
				CLANG_WARN__DUPLICATE_METHOD_MATCH = YES;
				CODE_SIGN_IDENTITY = "iPhone Developer";
				COPY_PHASE_STRIP = NO;
				DEBUG_INFORMATION_FORMAT = dwarf;
				ENABLE_STRICT_OBJC_MSGSEND = YES;
				ENABLE_TESTABILITY = YES;
				GCC_C_LANGUAGE_STANDARD = gnu11;
				GCC_DYNAMIC_NO_PIC = NO;
				GCC_NO_COMMON_BLOCKS = YES;
				GCC_OPTIMIZATION_LEVEL = 0;
				GCC_PREPROCESSOR_DEFINITIONS = (
					"DEBUG=1",
					"$(inherited)",
				);
				GCC_WARN_64_TO_32_BIT_CONVERSION = YES;
				GCC_WARN_ABOUT_RETURN_TYPE = YES_ERROR;
				GCC_WARN_UNDECLARED_SELECTOR = YES;
				GCC_WARN_UNINITIALIZED_AUTOS = YES_AGGRESSIVE;
				GCC_WARN_UNUSED_FUNCTION = YES;
				GCC_WARN_UNUSED_VARIABLE = YES;
				IPHONEOS_DEPLOYMENT_TARGET = 10.0;
				MTL_ENABLE_DEBUG_INFO = YES;
				ONLY_ACTIVE_ARCH = YES;
				SDKROOT = iphoneos;
				SWIFT_ACTIVE_COMPILATION_CONDITIONS = DEBUG;
				SWIFT_OPTIMIZATION_LEVEL = "-Onone";
			};
			name = Debug;
		};
		04AE15921FD0F620001A251C /* Release */ = {
			isa = XCBuildConfiguration;
			buildSettings = {
				ALWAYS_SEARCH_USER_PATHS = NO;
				CLANG_ANALYZER_NONNULL = YES;
				CLANG_ANALYZER_NUMBER_OBJECT_CONVERSION = YES_AGGRESSIVE;
				CLANG_CXX_LANGUAGE_STANDARD = "gnu++14";
				CLANG_CXX_LIBRARY = "libc++";
				CLANG_ENABLE_MODULES = YES;
				CLANG_ENABLE_OBJC_ARC = YES;
				CLANG_WARN_BLOCK_CAPTURE_AUTORELEASING = YES;
				CLANG_WARN_BOOL_CONVERSION = YES;
				CLANG_WARN_COMMA = YES;
				CLANG_WARN_CONSTANT_CONVERSION = YES;
				CLANG_WARN_DIRECT_OBJC_ISA_USAGE = YES_ERROR;
				CLANG_WARN_DOCUMENTATION_COMMENTS = YES;
				CLANG_WARN_EMPTY_BODY = YES;
				CLANG_WARN_ENUM_CONVERSION = YES;
				CLANG_WARN_INFINITE_RECURSION = YES;
				CLANG_WARN_INT_CONVERSION = YES;
				CLANG_WARN_NON_LITERAL_NULL_CONVERSION = YES;
				CLANG_WARN_OBJC_LITERAL_CONVERSION = YES;
				CLANG_WARN_OBJC_ROOT_CLASS = YES_ERROR;
				CLANG_WARN_RANGE_LOOP_ANALYSIS = YES;
				CLANG_WARN_STRICT_PROTOTYPES = YES;
				CLANG_WARN_SUSPICIOUS_MOVE = YES;
				CLANG_WARN_UNGUARDED_AVAILABILITY = YES_AGGRESSIVE;
				CLANG_WARN_UNREACHABLE_CODE = YES;
				CLANG_WARN__DUPLICATE_METHOD_MATCH = YES;
				CODE_SIGN_IDENTITY = "iPhone Developer";
				COPY_PHASE_STRIP = NO;
				DEBUG_INFORMATION_FORMAT = "dwarf-with-dsym";
				ENABLE_NS_ASSERTIONS = NO;
				ENABLE_STRICT_OBJC_MSGSEND = YES;
				GCC_C_LANGUAGE_STANDARD = gnu11;
				GCC_NO_COMMON_BLOCKS = YES;
				GCC_WARN_64_TO_32_BIT_CONVERSION = YES;
				GCC_WARN_ABOUT_RETURN_TYPE = YES_ERROR;
				GCC_WARN_UNDECLARED_SELECTOR = YES;
				GCC_WARN_UNINITIALIZED_AUTOS = YES_AGGRESSIVE;
				GCC_WARN_UNUSED_FUNCTION = YES;
				GCC_WARN_UNUSED_VARIABLE = YES;
				IPHONEOS_DEPLOYMENT_TARGET = 10.0;
				MTL_ENABLE_DEBUG_INFO = NO;
				SDKROOT = iphoneos;
				SWIFT_OPTIMIZATION_LEVEL = "-Owholemodule";
				VALIDATE_PRODUCT = YES;
			};
			name = Release;
		};
		04AE15941FD0F620001A251C /* Debug */ = {
			isa = XCBuildConfiguration;
			baseConfigurationReference = 5924F41E2F9ACD621A964A16 /* Pods-Cluster.debug.xcconfig */;
			buildSettings = {
				ASSETCATALOG_COMPILER_APPICON_NAME = AppIcon;
				CODE_SIGN_STYLE = Manual;
				DEVELOPMENT_TEAM = UTURYJS693;
				INFOPLIST_FILE = Cluster/Info.plist;
				LD_RUNPATH_SEARCH_PATHS = "$(inherited) @executable_path/Frameworks";
				PRODUCT_BUNDLE_IDENTIFIER = com.xevo.dashpoc;
				PRODUCT_NAME = "$(TARGET_NAME)";
				PROVISIONING_PROFILE = "5bbbe7c4-db7c-4027-bb95-dab85830e67b";
				PROVISIONING_PROFILE_SPECIFIER = DashPOC;
				SWIFT_OBJC_BRIDGING_HEADER = "./Cluster/Cluster-Bridging-Header.h";
				SWIFT_VERSION = 4.0;
				TARGETED_DEVICE_FAMILY = 2;
			};
			name = Debug;
		};
		04AE15951FD0F620001A251C /* Release */ = {
			isa = XCBuildConfiguration;
			baseConfigurationReference = 07CC27B41E0090029E0DBFD9 /* Pods-Cluster.release.xcconfig */;
			buildSettings = {
				ASSETCATALOG_COMPILER_APPICON_NAME = AppIcon;
				CODE_SIGN_STYLE = Manual;
				DEVELOPMENT_TEAM = "";
				INFOPLIST_FILE = Cluster/Info.plist;
				LD_RUNPATH_SEARCH_PATHS = "$(inherited) @executable_path/Frameworks";
				PRODUCT_BUNDLE_IDENTIFIER = com.xevo.dashpoc;
				PRODUCT_NAME = "$(TARGET_NAME)";
				PROVISIONING_PROFILE_SPECIFIER = "";
				SWIFT_OBJC_BRIDGING_HEADER = "./Cluster/Cluster-Bridging-Header.h";
				SWIFT_VERSION = 4.0;
				TARGETED_DEVICE_FAMILY = 2;
			};
			name = Release;
		};
		04AE15971FD0F620001A251C /* Debug */ = {
			isa = XCBuildConfiguration;
			baseConfigurationReference = 4673A5236B3658B532A01097 /* Pods-ClusterTests.debug.xcconfig */;
			buildSettings = {
				ALWAYS_EMBED_SWIFT_STANDARD_LIBRARIES = YES;
				BUNDLE_LOADER = "$(TEST_HOST)";
				CODE_SIGN_STYLE = Automatic;
				DEVELOPMENT_TEAM = UTURYJS693;
				INFOPLIST_FILE = ClusterTests/Info.plist;
				LD_RUNPATH_SEARCH_PATHS = "$(inherited) @executable_path/Frameworks @loader_path/Frameworks";
				PRODUCT_BUNDLE_IDENTIFIER = Xevo.ClusterTests;
				PRODUCT_NAME = "$(TARGET_NAME)";
				SWIFT_VERSION = 4.0;
				TARGETED_DEVICE_FAMILY = "1,2";
				TEST_HOST = "$(BUILT_PRODUCTS_DIR)/Cluster.app/Cluster";
			};
			name = Debug;
		};
		04AE15981FD0F620001A251C /* Release */ = {
			isa = XCBuildConfiguration;
			baseConfigurationReference = 25C75D9663D1425C3EC14CB1 /* Pods-ClusterTests.release.xcconfig */;
			buildSettings = {
				ALWAYS_EMBED_SWIFT_STANDARD_LIBRARIES = YES;
				BUNDLE_LOADER = "$(TEST_HOST)";
				CODE_SIGN_STYLE = Automatic;
				DEVELOPMENT_TEAM = UTURYJS693;
				INFOPLIST_FILE = ClusterTests/Info.plist;
				LD_RUNPATH_SEARCH_PATHS = "$(inherited) @executable_path/Frameworks @loader_path/Frameworks";
				PRODUCT_BUNDLE_IDENTIFIER = Xevo.ClusterTests;
				PRODUCT_NAME = "$(TARGET_NAME)";
				SWIFT_VERSION = 4.0;
				TARGETED_DEVICE_FAMILY = "1,2";
				TEST_HOST = "$(BUILT_PRODUCTS_DIR)/Cluster.app/Cluster";
			};
			name = Release;
		};
		04AE159A1FD0F620001A251C /* Debug */ = {
			isa = XCBuildConfiguration;
			baseConfigurationReference = 895FF603CEDA02EBB437C3C5 /* Pods-ClusterUITests.debug.xcconfig */;
			buildSettings = {
				ALWAYS_EMBED_SWIFT_STANDARD_LIBRARIES = YES;
				CODE_SIGN_STYLE = Automatic;
				DEVELOPMENT_TEAM = UTURYJS693;
				INFOPLIST_FILE = ClusterUITests/Info.plist;
				LD_RUNPATH_SEARCH_PATHS = "$(inherited) @executable_path/Frameworks @loader_path/Frameworks";
				PRODUCT_BUNDLE_IDENTIFIER = Xevo.ClusterUITests;
				PRODUCT_NAME = "$(TARGET_NAME)";
				SWIFT_VERSION = 4.0;
				TARGETED_DEVICE_FAMILY = "1,2";
				TEST_TARGET_NAME = Cluster;
			};
			name = Debug;
		};
		04AE159B1FD0F620001A251C /* Release */ = {
			isa = XCBuildConfiguration;
			baseConfigurationReference = 2B35841C5B46174B8388D2D1 /* Pods-ClusterUITests.release.xcconfig */;
			buildSettings = {
				ALWAYS_EMBED_SWIFT_STANDARD_LIBRARIES = YES;
				CODE_SIGN_STYLE = Automatic;
				DEVELOPMENT_TEAM = UTURYJS693;
				INFOPLIST_FILE = ClusterUITests/Info.plist;
				LD_RUNPATH_SEARCH_PATHS = "$(inherited) @executable_path/Frameworks @loader_path/Frameworks";
				PRODUCT_BUNDLE_IDENTIFIER = Xevo.ClusterUITests;
				PRODUCT_NAME = "$(TARGET_NAME)";
				SWIFT_VERSION = 4.0;
				TARGETED_DEVICE_FAMILY = "1,2";
				TEST_TARGET_NAME = Cluster;
			};
			name = Release;
		};
/* End XCBuildConfiguration section */

/* Begin XCConfigurationList section */
		04AE15661FD0F620001A251C /* Build configuration list for PBXProject "Cluster" */ = {
			isa = XCConfigurationList;
			buildConfigurations = (
				04AE15911FD0F620001A251C /* Debug */,
				04AE15921FD0F620001A251C /* Release */,
			);
			defaultConfigurationIsVisible = 0;
			defaultConfigurationName = Release;
		};
		04AE15931FD0F620001A251C /* Build configuration list for PBXNativeTarget "Cluster" */ = {
			isa = XCConfigurationList;
			buildConfigurations = (
				04AE15941FD0F620001A251C /* Debug */,
				04AE15951FD0F620001A251C /* Release */,
			);
			defaultConfigurationIsVisible = 0;
			defaultConfigurationName = Release;
		};
		04AE15961FD0F620001A251C /* Build configuration list for PBXNativeTarget "ClusterTests" */ = {
			isa = XCConfigurationList;
			buildConfigurations = (
				04AE15971FD0F620001A251C /* Debug */,
				04AE15981FD0F620001A251C /* Release */,
			);
			defaultConfigurationIsVisible = 0;
			defaultConfigurationName = Release;
		};
		04AE15991FD0F620001A251C /* Build configuration list for PBXNativeTarget "ClusterUITests" */ = {
			isa = XCConfigurationList;
			buildConfigurations = (
				04AE159A1FD0F620001A251C /* Debug */,
				04AE159B1FD0F620001A251C /* Release */,
			);
			defaultConfigurationIsVisible = 0;
			defaultConfigurationName = Release;
		};
/* End XCConfigurationList section */
	};
	rootObject = 04AE15631FD0F620001A251C /* Project object */;
}
