// !$*UTF8*$!
{
	archiveVersion = 1;
	classes = {
	};
	objectVersion = 48;
	objects = {

/* Begin PBXBuildFile section */
		04792B491FCD07C7000B2C49 /* AppDelegate.swift in Sources */ = {isa = PBXBuildFile; fileRef = 04792B481FCD07C7000B2C49 /* AppDelegate.swift */; };
		04792B4B1FCD07C7000B2C49 /* art.scnassets in Resources */ = {isa = PBXBuildFile; fileRef = 04792B4A1FCD07C7000B2C49 /* art.scnassets */; };
		04792B4D1FCD07C7000B2C49 /* ViewController.swift in Sources */ = {isa = PBXBuildFile; fileRef = 04792B4C1FCD07C7000B2C49 /* ViewController.swift */; };
		04792B501FCD07C7000B2C49 /* Main.storyboard in Resources */ = {isa = PBXBuildFile; fileRef = 04792B4E1FCD07C7000B2C49 /* Main.storyboard */; };
		04792B521FCD07C7000B2C49 /* Assets.xcassets in Resources */ = {isa = PBXBuildFile; fileRef = 04792B511FCD07C7000B2C49 /* Assets.xcassets */; };
		04792B551FCD07C7000B2C49 /* LaunchScreen.storyboard in Resources */ = {isa = PBXBuildFile; fileRef = 04792B531FCD07C7000B2C49 /* LaunchScreen.storyboard */; };
		04792B601FCD07C7000B2C49 /* DashPOC3Tests.swift in Sources */ = {isa = PBXBuildFile; fileRef = 04792B5F1FCD07C7000B2C49 /* DashPOC3Tests.swift */; };
		04792B6B1FCD07C7000B2C49 /* DashPOC3UITests.swift in Sources */ = {isa = PBXBuildFile; fileRef = 04792B6A1FCD07C7000B2C49 /* DashPOC3UITests.swift */; };
		04792B791FCD1941000B2C49 /* VisionDelegate.swift in Sources */ = {isa = PBXBuildFile; fileRef = 04792B781FCD1941000B2C49 /* VisionDelegate.swift */; };
		04792B7D1FCD336E000B2C49 /* bmw@3x.JPG in Resources */ = {isa = PBXBuildFile; fileRef = 04792B7C1FCD336E000B2C49 /* bmw@3x.JPG */; };
/* End PBXBuildFile section */

/* Begin PBXContainerItemProxy section */
		04792B5C1FCD07C7000B2C49 /* PBXContainerItemProxy */ = {
			isa = PBXContainerItemProxy;
			containerPortal = 04792B3D1FCD07C7000B2C49 /* Project object */;
			proxyType = 1;
			remoteGlobalIDString = 04792B441FCD07C7000B2C49;
			remoteInfo = DashPOC3;
		};
		04792B671FCD07C7000B2C49 /* PBXContainerItemProxy */ = {
			isa = PBXContainerItemProxy;
			containerPortal = 04792B3D1FCD07C7000B2C49 /* Project object */;
			proxyType = 1;
			remoteGlobalIDString = 04792B441FCD07C7000B2C49;
			remoteInfo = DashPOC3;
		};
/* End PBXContainerItemProxy section */

/* Begin PBXFileReference section */
		04792B451FCD07C7000B2C49 /* DashPOC3.app */ = {isa = PBXFileReference; explicitFileType = wrapper.application; includeInIndex = 0; path = DashPOC3.app; sourceTree = BUILT_PRODUCTS_DIR; };
		04792B481FCD07C7000B2C49 /* AppDelegate.swift */ = {isa = PBXFileReference; lastKnownFileType = sourcecode.swift; path = AppDelegate.swift; sourceTree = "<group>"; };
		04792B4A1FCD07C7000B2C49 /* art.scnassets */ = {isa = PBXFileReference; lastKnownFileType = wrapper.scnassets; path = art.scnassets; sourceTree = "<group>"; };
		04792B4C1FCD07C7000B2C49 /* ViewController.swift */ = {isa = PBXFileReference; lastKnownFileType = sourcecode.swift; path = ViewController.swift; sourceTree = "<group>"; };
		04792B4F1FCD07C7000B2C49 /* Base */ = {isa = PBXFileReference; lastKnownFileType = file.storyboard; name = Base; path = Base.lproj/Main.storyboard; sourceTree = "<group>"; };
		04792B511FCD07C7000B2C49 /* Assets.xcassets */ = {isa = PBXFileReference; lastKnownFileType = folder.assetcatalog; path = Assets.xcassets; sourceTree = "<group>"; };
		04792B541FCD07C7000B2C49 /* Base */ = {isa = PBXFileReference; lastKnownFileType = file.storyboard; name = Base; path = Base.lproj/LaunchScreen.storyboard; sourceTree = "<group>"; };
		04792B561FCD07C7000B2C49 /* Info.plist */ = {isa = PBXFileReference; lastKnownFileType = text.plist.xml; path = Info.plist; sourceTree = "<group>"; };
		04792B5B1FCD07C7000B2C49 /* DashPOC3Tests.xctest */ = {isa = PBXFileReference; explicitFileType = wrapper.cfbundle; includeInIndex = 0; path = DashPOC3Tests.xctest; sourceTree = BUILT_PRODUCTS_DIR; };
		04792B5F1FCD07C7000B2C49 /* DashPOC3Tests.swift */ = {isa = PBXFileReference; lastKnownFileType = sourcecode.swift; path = DashPOC3Tests.swift; sourceTree = "<group>"; };
		04792B611FCD07C7000B2C49 /* Info.plist */ = {isa = PBXFileReference; lastKnownFileType = text.plist.xml; path = Info.plist; sourceTree = "<group>"; };
		04792B661FCD07C7000B2C49 /* DashPOC3UITests.xctest */ = {isa = PBXFileReference; explicitFileType = wrapper.cfbundle; includeInIndex = 0; path = DashPOC3UITests.xctest; sourceTree = BUILT_PRODUCTS_DIR; };
		04792B6A1FCD07C7000B2C49 /* DashPOC3UITests.swift */ = {isa = PBXFileReference; lastKnownFileType = sourcecode.swift; path = DashPOC3UITests.swift; sourceTree = "<group>"; };
		04792B6C1FCD07C7000B2C49 /* Info.plist */ = {isa = PBXFileReference; lastKnownFileType = text.plist.xml; path = Info.plist; sourceTree = "<group>"; };
		04792B781FCD1941000B2C49 /* VisionDelegate.swift */ = {isa = PBXFileReference; fileEncoding = 4; lastKnownFileType = sourcecode.swift; path = VisionDelegate.swift; sourceTree = "<group>"; };
		04792B7C1FCD336E000B2C49 /* bmw@3x.JPG */ = {isa = PBXFileReference; lastKnownFileType = image.jpeg; name = "bmw@3x.JPG"; path = "DashPOC3/bmw@3x.JPG"; sourceTree = SOURCE_ROOT; };
/* End PBXFileReference section */

/* Begin PBXFrameworksBuildPhase section */
		04792B421FCD07C7000B2C49 /* Frameworks */ = {
			isa = PBXFrameworksBuildPhase;
			buildActionMask = 2147483647;
			files = (
			);
			runOnlyForDeploymentPostprocessing = 0;
		};
		04792B581FCD07C7000B2C49 /* Frameworks */ = {
			isa = PBXFrameworksBuildPhase;
			buildActionMask = 2147483647;
			files = (
			);
			runOnlyForDeploymentPostprocessing = 0;
		};
		04792B631FCD07C7000B2C49 /* Frameworks */ = {
			isa = PBXFrameworksBuildPhase;
			buildActionMask = 2147483647;
			files = (
			);
			runOnlyForDeploymentPostprocessing = 0;
		};
/* End PBXFrameworksBuildPhase section */

/* Begin PBXGroup section */
		04792B3C1FCD07C7000B2C49 = {
			isa = PBXGroup;
			children = (
				04792B471FCD07C7000B2C49 /* DashPOC3 */,
				04792B5E1FCD07C7000B2C49 /* DashPOC3Tests */,
				04792B691FCD07C7000B2C49 /* DashPOC3UITests */,
				04792B461FCD07C7000B2C49 /* Products */,
			);
			sourceTree = "<group>";
		};
		04792B461FCD07C7000B2C49 /* Products */ = {
			isa = PBXGroup;
			children = (
				04792B451FCD07C7000B2C49 /* DashPOC3.app */,
				04792B5B1FCD07C7000B2C49 /* DashPOC3Tests.xctest */,
				04792B661FCD07C7000B2C49 /* DashPOC3UITests.xctest */,
			);
			name = Products;
			sourceTree = "<group>";
		};
		04792B471FCD07C7000B2C49 /* DashPOC3 */ = {
			isa = PBXGroup;
			children = (
				04792B7A1FCD2E56000B2C49 /* Controllers */,
				04792B7B1FCD2E67000B2C49 /* Helpers */,
				04792B481FCD07C7000B2C49 /* AppDelegate.swift */,
				04792B4A1FCD07C7000B2C49 /* art.scnassets */,
				04792B4E1FCD07C7000B2C49 /* Main.storyboard */,
				04792B511FCD07C7000B2C49 /* Assets.xcassets */,
				04792B531FCD07C7000B2C49 /* LaunchScreen.storyboard */,
				04792B561FCD07C7000B2C49 /* Info.plist */,
			);
			path = DashPOC3;
			sourceTree = "<group>";
		};
		04792B5E1FCD07C7000B2C49 /* DashPOC3Tests */ = {
			isa = PBXGroup;
			children = (
				04792B5F1FCD07C7000B2C49 /* DashPOC3Tests.swift */,
				04792B611FCD07C7000B2C49 /* Info.plist */,
			);
			path = DashPOC3Tests;
			sourceTree = "<group>";
		};
		04792B691FCD07C7000B2C49 /* DashPOC3UITests */ = {
			isa = PBXGroup;
			children = (
				04792B6A1FCD07C7000B2C49 /* DashPOC3UITests.swift */,
				04792B6C1FCD07C7000B2C49 /* Info.plist */,
			);
			path = DashPOC3UITests;
			sourceTree = "<group>";
		};
		04792B7A1FCD2E56000B2C49 /* Controllers */ = {
			isa = PBXGroup;
			children = (
				04792B4C1FCD07C7000B2C49 /* ViewController.swift */,
			);
			path = Controllers;
			sourceTree = "<group>";
		};
		04792B7B1FCD2E67000B2C49 /* Helpers */ = {
			isa = PBXGroup;
			children = (
				04792B7C1FCD336E000B2C49 /* bmw@3x.JPG */,
				04792B781FCD1941000B2C49 /* VisionDelegate.swift */,
			);
			path = Helpers;
			sourceTree = "<group>";
		};
/* End PBXGroup section */

/* Begin PBXNativeTarget section */
		04792B441FCD07C7000B2C49 /* DashPOC3 */ = {
			isa = PBXNativeTarget;
			buildConfigurationList = 04792B6F1FCD07C7000B2C49 /* Build configuration list for PBXNativeTarget "DashPOC3" */;
			buildPhases = (
				04792B411FCD07C7000B2C49 /* Sources */,
				04792B421FCD07C7000B2C49 /* Frameworks */,
				04792B431FCD07C7000B2C49 /* Resources */,
			);
			buildRules = (
			);
			dependencies = (
			);
			name = DashPOC3;
			productName = DashPOC3;
			productReference = 04792B451FCD07C7000B2C49 /* DashPOC3.app */;
			productType = "com.apple.product-type.application";
		};
		04792B5A1FCD07C7000B2C49 /* DashPOC3Tests */ = {
			isa = PBXNativeTarget;
			buildConfigurationList = 04792B721FCD07C7000B2C49 /* Build configuration list for PBXNativeTarget "DashPOC3Tests" */;
			buildPhases = (
				04792B571FCD07C7000B2C49 /* Sources */,
				04792B581FCD07C7000B2C49 /* Frameworks */,
				04792B591FCD07C7000B2C49 /* Resources */,
			);
			buildRules = (
			);
			dependencies = (
				04792B5D1FCD07C7000B2C49 /* PBXTargetDependency */,
			);
			name = DashPOC3Tests;
			productName = DashPOC3Tests;
			productReference = 04792B5B1FCD07C7000B2C49 /* DashPOC3Tests.xctest */;
			productType = "com.apple.product-type.bundle.unit-test";
		};
		04792B651FCD07C7000B2C49 /* DashPOC3UITests */ = {
			isa = PBXNativeTarget;
			buildConfigurationList = 04792B751FCD07C7000B2C49 /* Build configuration list for PBXNativeTarget "DashPOC3UITests" */;
			buildPhases = (
				04792B621FCD07C7000B2C49 /* Sources */,
				04792B631FCD07C7000B2C49 /* Frameworks */,
				04792B641FCD07C7000B2C49 /* Resources */,
			);
			buildRules = (
			);
			dependencies = (
				04792B681FCD07C7000B2C49 /* PBXTargetDependency */,
			);
			name = DashPOC3UITests;
			productName = DashPOC3UITests;
			productReference = 04792B661FCD07C7000B2C49 /* DashPOC3UITests.xctest */;
			productType = "com.apple.product-type.bundle.ui-testing";
		};
/* End PBXNativeTarget section */

/* Begin PBXProject section */
		04792B3D1FCD07C7000B2C49 /* Project object */ = {
			isa = PBXProject;
			attributes = {
				LastSwiftUpdateCheck = 0910;
				LastUpgradeCheck = 0910;
				ORGANIZATIONNAME = Xevo;
				TargetAttributes = {
					04792B441FCD07C7000B2C49 = {
						CreatedOnToolsVersion = 9.1;
						ProvisioningStyle = Manual;
					};
					04792B5A1FCD07C7000B2C49 = {
						CreatedOnToolsVersion = 9.1;
						ProvisioningStyle = Automatic;
						TestTargetID = 04792B441FCD07C7000B2C49;
					};
					04792B651FCD07C7000B2C49 = {
						CreatedOnToolsVersion = 9.1;
						ProvisioningStyle = Automatic;
						TestTargetID = 04792B441FCD07C7000B2C49;
					};
				};
			};
			buildConfigurationList = 04792B401FCD07C7000B2C49 /* Build configuration list for PBXProject "DashPOC3" */;
			compatibilityVersion = "Xcode 8.0";
			developmentRegion = en;
			hasScannedForEncodings = 0;
			knownRegions = (
				en,
				Base,
			);
			mainGroup = 04792B3C1FCD07C7000B2C49;
			productRefGroup = 04792B461FCD07C7000B2C49 /* Products */;
			projectDirPath = "";
			projectRoot = "";
			targets = (
				04792B441FCD07C7000B2C49 /* DashPOC3 */,
				04792B5A1FCD07C7000B2C49 /* DashPOC3Tests */,
				04792B651FCD07C7000B2C49 /* DashPOC3UITests */,
			);
		};
/* End PBXProject section */

/* Begin PBXResourcesBuildPhase section */
		04792B431FCD07C7000B2C49 /* Resources */ = {
			isa = PBXResourcesBuildPhase;
			buildActionMask = 2147483647;
			files = (
				04792B4B1FCD07C7000B2C49 /* art.scnassets in Resources */,
				04792B551FCD07C7000B2C49 /* LaunchScreen.storyboard in Resources */,
				04792B7D1FCD336E000B2C49 /* bmw@3x.JPG in Resources */,
				04792B521FCD07C7000B2C49 /* Assets.xcassets in Resources */,
				04792B501FCD07C7000B2C49 /* Main.storyboard in Resources */,
			);
			runOnlyForDeploymentPostprocessing = 0;
		};
		04792B591FCD07C7000B2C49 /* Resources */ = {
			isa = PBXResourcesBuildPhase;
			buildActionMask = 2147483647;
			files = (
			);
			runOnlyForDeploymentPostprocessing = 0;
		};
		04792B641FCD07C7000B2C49 /* Resources */ = {
			isa = PBXResourcesBuildPhase;
			buildActionMask = 2147483647;
			files = (
			);
			runOnlyForDeploymentPostprocessing = 0;
		};
/* End PBXResourcesBuildPhase section */

/* Begin PBXSourcesBuildPhase section */
		04792B411FCD07C7000B2C49 /* Sources */ = {
			isa = PBXSourcesBuildPhase;
			buildActionMask = 2147483647;
			files = (
				04792B791FCD1941000B2C49 /* VisionDelegate.swift in Sources */,
				04792B4D1FCD07C7000B2C49 /* ViewController.swift in Sources */,
				04792B491FCD07C7000B2C49 /* AppDelegate.swift in Sources */,
			);
			runOnlyForDeploymentPostprocessing = 0;
		};
		04792B571FCD07C7000B2C49 /* Sources */ = {
			isa = PBXSourcesBuildPhase;
			buildActionMask = 2147483647;
			files = (
				04792B601FCD07C7000B2C49 /* DashPOC3Tests.swift in Sources */,
			);
			runOnlyForDeploymentPostprocessing = 0;
		};
		04792B621FCD07C7000B2C49 /* Sources */ = {
			isa = PBXSourcesBuildPhase;
			buildActionMask = 2147483647;
			files = (
				04792B6B1FCD07C7000B2C49 /* DashPOC3UITests.swift in Sources */,
			);
			runOnlyForDeploymentPostprocessing = 0;
		};
/* End PBXSourcesBuildPhase section */

/* Begin PBXTargetDependency section */
		04792B5D1FCD07C7000B2C49 /* PBXTargetDependency */ = {
			isa = PBXTargetDependency;
			target = 04792B441FCD07C7000B2C49 /* DashPOC3 */;
			targetProxy = 04792B5C1FCD07C7000B2C49 /* PBXContainerItemProxy */;
		};
		04792B681FCD07C7000B2C49 /* PBXTargetDependency */ = {
			isa = PBXTargetDependency;
			target = 04792B441FCD07C7000B2C49 /* DashPOC3 */;
			targetProxy = 04792B671FCD07C7000B2C49 /* PBXContainerItemProxy */;
		};
/* End PBXTargetDependency section */

/* Begin PBXVariantGroup section */
		04792B4E1FCD07C7000B2C49 /* Main.storyboard */ = {
			isa = PBXVariantGroup;
			children = (
				04792B4F1FCD07C7000B2C49 /* Base */,
			);
			name = Main.storyboard;
			sourceTree = "<group>";
		};
		04792B531FCD07C7000B2C49 /* LaunchScreen.storyboard */ = {
			isa = PBXVariantGroup;
			children = (
				04792B541FCD07C7000B2C49 /* Base */,
			);
			name = LaunchScreen.storyboard;
			sourceTree = "<group>";
		};
/* End PBXVariantGroup section */

/* Begin XCBuildConfiguration section */
		04792B6D1FCD07C7000B2C49 /* Debug */ = {
			isa = XCBuildConfiguration;
			buildSettings = {
				ALWAYS_SEARCH_USER_PATHS = NO;
				CLANG_ANALYZER_NONNULL = YES;
				CLANG_ANALYZER_NUMBER_OBJECT_CONVERSION = YES_AGGRESSIVE;
				CLANG_CXX_LANGUAGE_STANDARD = "gnu++14";
				CLANG_CXX_LIBRARY = "libc++";
				CLANG_ENABLE_MODULES = YES;
				CLANG_ENABLE_OBJC_ARC = YES;
				CLANG_WARN_BLOCK_CAPTURE_AUTORELEASING = YES;
				CLANG_WARN_BOOL_CONVERSION = YES;
				CLANG_WARN_COMMA = YES;
				CLANG_WARN_CONSTANT_CONVERSION = YES;
				CLANG_WARN_DIRECT_OBJC_ISA_USAGE = YES_ERROR;
				CLANG_WARN_DOCUMENTATION_COMMENTS = YES;
				CLANG_WARN_EMPTY_BODY = YES;
				CLANG_WARN_ENUM_CONVERSION = YES;
				CLANG_WARN_INFINITE_RECURSION = YES;
				CLANG_WARN_INT_CONVERSION = YES;
				CLANG_WARN_NON_LITERAL_NULL_CONVERSION = YES;
				CLANG_WARN_OBJC_LITERAL_CONVERSION = YES;
				CLANG_WARN_OBJC_ROOT_CLASS = YES_ERROR;
				CLANG_WARN_RANGE_LOOP_ANALYSIS = YES;
				CLANG_WARN_STRICT_PROTOTYPES = YES;
				CLANG_WARN_SUSPICIOUS_MOVE = YES;
				CLANG_WARN_UNGUARDED_AVAILABILITY = YES_AGGRESSIVE;
				CLANG_WARN_UNREACHABLE_CODE = YES;
				CLANG_WARN__DUPLICATE_METHOD_MATCH = YES;
				CODE_SIGN_IDENTITY = "iPhone Developer";
				COPY_PHASE_STRIP = NO;
				DEBUG_INFORMATION_FORMAT = dwarf;
				ENABLE_STRICT_OBJC_MSGSEND = YES;
				ENABLE_TESTABILITY = YES;
				GCC_C_LANGUAGE_STANDARD = gnu11;
				GCC_DYNAMIC_NO_PIC = NO;
				GCC_NO_COMMON_BLOCKS = YES;
				GCC_OPTIMIZATION_LEVEL = 0;
				GCC_PREPROCESSOR_DEFINITIONS = (
					"DEBUG=1",
					"$(inherited)",
				);
				GCC_WARN_64_TO_32_BIT_CONVERSION = YES;
				GCC_WARN_ABOUT_RETURN_TYPE = YES_ERROR;
				GCC_WARN_UNDECLARED_SELECTOR = YES;
				GCC_WARN_UNINITIALIZED_AUTOS = YES_AGGRESSIVE;
				GCC_WARN_UNUSED_FUNCTION = YES;
				GCC_WARN_UNUSED_VARIABLE = YES;
				IPHONEOS_DEPLOYMENT_TARGET = 11.1;
				MTL_ENABLE_DEBUG_INFO = YES;
				ONLY_ACTIVE_ARCH = YES;
				SDKROOT = iphoneos;
				SWIFT_ACTIVE_COMPILATION_CONDITIONS = DEBUG;
				SWIFT_OPTIMIZATION_LEVEL = "-Onone";
			};
			name = Debug;
		};
		04792B6E1FCD07C7000B2C49 /* Release */ = {
			isa = XCBuildConfiguration;
			buildSettings = {
				ALWAYS_SEARCH_USER_PATHS = NO;
				CLANG_ANALYZER_NONNULL = YES;
				CLANG_ANALYZER_NUMBER_OBJECT_CONVERSION = YES_AGGRESSIVE;
				CLANG_CXX_LANGUAGE_STANDARD = "gnu++14";
				CLANG_CXX_LIBRARY = "libc++";
				CLANG_ENABLE_MODULES = YES;
				CLANG_ENABLE_OBJC_ARC = YES;
				CLANG_WARN_BLOCK_CAPTURE_AUTORELEASING = YES;
				CLANG_WARN_BOOL_CONVERSION = YES;
				CLANG_WARN_COMMA = YES;
				CLANG_WARN_CONSTANT_CONVERSION = YES;
				CLANG_WARN_DIRECT_OBJC_ISA_USAGE = YES_ERROR;
				CLANG_WARN_DOCUMENTATION_COMMENTS = YES;
				CLANG_WARN_EMPTY_BODY = YES;
				CLANG_WARN_ENUM_CONVERSION = YES;
				CLANG_WARN_INFINITE_RECURSION = YES;
				CLANG_WARN_INT_CONVERSION = YES;
				CLANG_WARN_NON_LITERAL_NULL_CONVERSION = YES;
				CLANG_WARN_OBJC_LITERAL_CONVERSION = YES;
				CLANG_WARN_OBJC_ROOT_CLASS = YES_ERROR;
				CLANG_WARN_RANGE_LOOP_ANALYSIS = YES;
				CLANG_WARN_STRICT_PROTOTYPES = YES;
				CLANG_WARN_SUSPICIOUS_MOVE = YES;
				CLANG_WARN_UNGUARDED_AVAILABILITY = YES_AGGRESSIVE;
				CLANG_WARN_UNREACHABLE_CODE = YES;
				CLANG_WARN__DUPLICATE_METHOD_MATCH = YES;
				CODE_SIGN_IDENTITY = "iPhone Developer";
				COPY_PHASE_STRIP = NO;
				DEBUG_INFORMATION_FORMAT = "dwarf-with-dsym";
				ENABLE_NS_ASSERTIONS = NO;
				ENABLE_STRICT_OBJC_MSGSEND = YES;
				GCC_C_LANGUAGE_STANDARD = gnu11;
				GCC_NO_COMMON_BLOCKS = YES;
				GCC_WARN_64_TO_32_BIT_CONVERSION = YES;
				GCC_WARN_ABOUT_RETURN_TYPE = YES_ERROR;
				GCC_WARN_UNDECLARED_SELECTOR = YES;
				GCC_WARN_UNINITIALIZED_AUTOS = YES_AGGRESSIVE;
				GCC_WARN_UNUSED_FUNCTION = YES;
				GCC_WARN_UNUSED_VARIABLE = YES;
				IPHONEOS_DEPLOYMENT_TARGET = 11.1;
				MTL_ENABLE_DEBUG_INFO = NO;
				SDKROOT = iphoneos;
				SWIFT_OPTIMIZATION_LEVEL = "-Owholemodule";
				VALIDATE_PRODUCT = YES;
			};
			name = Release;
		};
		04792B701FCD07C7000B2C49 /* Debug */ = {
			isa = XCBuildConfiguration;
			buildSettings = {
				ASSETCATALOG_COMPILER_APPICON_NAME = AppIcon;
				CODE_SIGN_STYLE = Manual;
				DEVELOPMENT_TEAM = UTURYJS693;
				INFOPLIST_FILE = DashPOC3/Info.plist;
				LD_RUNPATH_SEARCH_PATHS = "$(inherited) @executable_path/Frameworks";
				PRODUCT_BUNDLE_IDENTIFIER = com.xevo.dashpoc;
				PRODUCT_NAME = "$(TARGET_NAME)";
				PROVISIONING_PROFILE = "5bbbe7c4-db7c-4027-bb95-dab85830e67b";
				PROVISIONING_PROFILE_SPECIFIER = DashPOC;
				SWIFT_VERSION = 4.0;
				TARGETED_DEVICE_FAMILY = "1,2";
			};
			name = Debug;
		};
		04792B711FCD07C7000B2C49 /* Release */ = {
			isa = XCBuildConfiguration;
			buildSettings = {
				ASSETCATALOG_COMPILER_APPICON_NAME = AppIcon;
				CODE_SIGN_STYLE = Manual;
				DEVELOPMENT_TEAM = "";
				INFOPLIST_FILE = DashPOC3/Info.plist;
				LD_RUNPATH_SEARCH_PATHS = "$(inherited) @executable_path/Frameworks";
				PRODUCT_BUNDLE_IDENTIFIER = com.xevo.dashpoc;
				PRODUCT_NAME = "$(TARGET_NAME)";
				PROVISIONING_PROFILE_SPECIFIER = "";
				SWIFT_VERSION = 4.0;
				TARGETED_DEVICE_FAMILY = "1,2";
			};
			name = Release;
		};
		04792B731FCD07C7000B2C49 /* Debug */ = {
			isa = XCBuildConfiguration;
			buildSettings = {
				ALWAYS_EMBED_SWIFT_STANDARD_LIBRARIES = YES;
				BUNDLE_LOADER = "$(TEST_HOST)";
				CODE_SIGN_STYLE = Automatic;
				DEVELOPMENT_TEAM = UTURYJS693;
				INFOPLIST_FILE = DashPOC3Tests/Info.plist;
				LD_RUNPATH_SEARCH_PATHS = "$(inherited) @executable_path/Frameworks @loader_path/Frameworks";
				PRODUCT_BUNDLE_IDENTIFIER = Xevo.DashPOC3Tests;
				PRODUCT_NAME = "$(TARGET_NAME)";
				SWIFT_VERSION = 4.0;
				TARGETED_DEVICE_FAMILY = "1,2";
				TEST_HOST = "$(BUILT_PRODUCTS_DIR)/DashPOC3.app/DashPOC3";
			};
			name = Debug;
		};
		04792B741FCD07C7000B2C49 /* Release */ = {
			isa = XCBuildConfiguration;
			buildSettings = {
				ALWAYS_EMBED_SWIFT_STANDARD_LIBRARIES = YES;
				BUNDLE_LOADER = "$(TEST_HOST)";
				CODE_SIGN_STYLE = Automatic;
				DEVELOPMENT_TEAM = UTURYJS693;
				INFOPLIST_FILE = DashPOC3Tests/Info.plist;
				LD_RUNPATH_SEARCH_PATHS = "$(inherited) @executable_path/Frameworks @loader_path/Frameworks";
				PRODUCT_BUNDLE_IDENTIFIER = Xevo.DashPOC3Tests;
				PRODUCT_NAME = "$(TARGET_NAME)";
				SWIFT_VERSION = 4.0;
				TARGETED_DEVICE_FAMILY = "1,2";
				TEST_HOST = "$(BUILT_PRODUCTS_DIR)/DashPOC3.app/DashPOC3";
			};
			name = Release;
		};
		04792B761FCD07C7000B2C49 /* Debug */ = {
			isa = XCBuildConfiguration;
			buildSettings = {
				ALWAYS_EMBED_SWIFT_STANDARD_LIBRARIES = YES;
				CODE_SIGN_STYLE = Automatic;
				DEVELOPMENT_TEAM = UTURYJS693;
				INFOPLIST_FILE = DashPOC3UITests/Info.plist;
				LD_RUNPATH_SEARCH_PATHS = "$(inherited) @executable_path/Frameworks @loader_path/Frameworks";
				PRODUCT_BUNDLE_IDENTIFIER = Xevo.DashPOC3UITests;
				PRODUCT_NAME = "$(TARGET_NAME)";
				SWIFT_VERSION = 4.0;
				TARGETED_DEVICE_FAMILY = "1,2";
				TEST_TARGET_NAME = DashPOC3;
			};
			name = Debug;
		};
		04792B771FCD07C7000B2C49 /* Release */ = {
			isa = XCBuildConfiguration;
			buildSettings = {
				ALWAYS_EMBED_SWIFT_STANDARD_LIBRARIES = YES;
				CODE_SIGN_STYLE = Automatic;
				DEVELOPMENT_TEAM = UTURYJS693;
				INFOPLIST_FILE = DashPOC3UITests/Info.plist;
				LD_RUNPATH_SEARCH_PATHS = "$(inherited) @executable_path/Frameworks @loader_path/Frameworks";
				PRODUCT_BUNDLE_IDENTIFIER = Xevo.DashPOC3UITests;
				PRODUCT_NAME = "$(TARGET_NAME)";
				SWIFT_VERSION = 4.0;
				TARGETED_DEVICE_FAMILY = "1,2";
				TEST_TARGET_NAME = DashPOC3;
			};
			name = Release;
		};
/* End XCBuildConfiguration section */

/* Begin XCConfigurationList section */
		04792B401FCD07C7000B2C49 /* Build configuration list for PBXProject "DashPOC3" */ = {
			isa = XCConfigurationList;
			buildConfigurations = (
				04792B6D1FCD07C7000B2C49 /* Debug */,
				04792B6E1FCD07C7000B2C49 /* Release */,
			);
			defaultConfigurationIsVisible = 0;
			defaultConfigurationName = Release;
		};
		04792B6F1FCD07C7000B2C49 /* Build configuration list for PBXNativeTarget "DashPOC3" */ = {
			isa = XCConfigurationList;
			buildConfigurations = (
				04792B701FCD07C7000B2C49 /* Debug */,
				04792B711FCD07C7000B2C49 /* Release */,
			);
			defaultConfigurationIsVisible = 0;
			defaultConfigurationName = Release;
		};
		04792B721FCD07C7000B2C49 /* Build configuration list for PBXNativeTarget "DashPOC3Tests" */ = {
			isa = XCConfigurationList;
			buildConfigurations = (
				04792B731FCD07C7000B2C49 /* Debug */,
				04792B741FCD07C7000B2C49 /* Release */,
			);
			defaultConfigurationIsVisible = 0;
			defaultConfigurationName = Release;
		};
		04792B751FCD07C7000B2C49 /* Build configuration list for PBXNativeTarget "DashPOC3UITests" */ = {
			isa = XCConfigurationList;
			buildConfigurations = (
				04792B761FCD07C7000B2C49 /* Debug */,
				04792B771FCD07C7000B2C49 /* Release */,
			);
			defaultConfigurationIsVisible = 0;
			defaultConfigurationName = Release;
		};
/* End XCConfigurationList section */
	};
	rootObject = 04792B3D1FCD07C7000B2C49 /* Project object */;
}
